
Microsoft Visual Studio Solution File, Format Version 12.00
# Visual Studio Version 17
VisualStudioVersion = 17.2.32616.157
MinimumVisualStudioVersion = 10.0.40219.1
Project("{FAE04EC0-301F-11D3-BF4B-00C04F79EFBC}") = "PhantomProject", "PhantomProject.csproj", "{57C75C09-AC05-4C6A-AD4B-067B2C3336E4}"
EndProject
Global
	GlobalSection(SolutionConfigurationPlatforms) = preSolution
		Debug|Any CPU = Debug|Any CPU
		Release|Any CPU = Release|Any CPU
	EndGlobalSection
	GlobalSection(ProjectConfigurationPlatforms) = postSolution
		{57C75C09-AC05-4C6A-AD4B-067B2C3336E4}.Debug|Any CPU.ActiveCfg = Debug|Any CPU
		{57C75C09-AC05-4C6A-AD4B-067B2C3336E4}.Debug|Any CPU.Build.0 = Debug|Any CPU
		{57C75C09-AC05-4C6A-AD4B-067B2C3336E4}.Release|Any CPU.ActiveCfg = Release|Any CPU
		{57C75C09-AC05-4C6A-AD4B-067B2C3336E4}.Release|Any CPU.Build.0 = Release|Any CPU
	EndGlobalSection
	GlobalSection(SolutionProperties) = preSolution
		HideSolutionNode = FALSE
	EndGlobalSection
	GlobalSection(ExtensibilityGlobals) = postSolution
		SolutionGuid = {C0BF9213-407A-43C4-AA24-0D84599C6BD0}
	EndGlobalSection
EndGlobal
